
Microsoft Visual Studio Solution File, Format Version 12.00
# Visual Studio Version 16
VisualStudioVersion = 16.0.30503.244
MinimumVisualStudioVersion = 10.0.40219.1
Project("{2150E333-8FDC-42A3-9474-1A3956D46DE8}") = "Application", "Application", "{6E6C5041-915C-4B29-8774-DE0AD36351CF}"
EndProject
Project("{2150E333-8FDC-42A3-9474-1A3956D46DE8}") = "Domailn", "Domailn", "{8F379DB2-19E8-448D-96F8-F9E79F306C2D}"
EndProject
Project("{2150E333-8FDC-42A3-9474-1A3956D46DE8}") = "Infrastructure.loC", "Infrastructure.loC", "{D676B952-3673-4C37-BF15-426D7A124F14}"
EndProject
Project("{2150E333-8FDC-42A3-9474-1A3956D46DE8}") = "Infrastructure.Data", "Infrastructure.Data", "{26EE83A8-7DB3-474F-ACD5-610BD02238CB}"
EndProject
Project("{2150E333-8FDC-42A3-9474-1A3956D46DE8}") = "UI", "UI", "{F2745FF7-5CC6-4DFD-9366-8025AF32D905}"
EndProject
Project("{FAE04EC0-301F-11D3-BF4B-00C04F79EFBC}") = "Web", "Web\Web.csproj", "{7F58D5AC-0E63-4081-84D2-BA9C8337D65D}"
EndProject
Global
	GlobalSection(SolutionConfigurationPlatforms) = preSolution
		Debug|Any CPU = Debug|Any CPU
		Release|Any CPU = Release|Any CPU
	EndGlobalSection
	GlobalSection(ProjectConfigurationPlatforms) = postSolution
		{7F58D5AC-0E63-4081-84D2-BA9C8337D65D}.Debug|Any CPU.ActiveCfg = Debug|Any CPU
		{7F58D5AC-0E63-4081-84D2-BA9C8337D65D}.Debug|Any CPU.Build.0 = Debug|Any CPU
		{7F58D5AC-0E63-4081-84D2-BA9C8337D65D}.Release|Any CPU.ActiveCfg = Release|Any CPU
		{7F58D5AC-0E63-4081-84D2-BA9C8337D65D}.Release|Any CPU.Build.0 = Release|Any CPU
	EndGlobalSection
	GlobalSection(SolutionProperties) = preSolution
		HideSolutionNode = FALSE
	EndGlobalSection
	GlobalSection(NestedProjects) = preSolution
		{7F58D5AC-0E63-4081-84D2-BA9C8337D65D} = {F2745FF7-5CC6-4DFD-9366-8025AF32D905}
	EndGlobalSection
	GlobalSection(ExtensibilityGlobals) = postSolution
		SolutionGuid = {E8DB725D-CC45-495A-9656-BD631D6C7469}
	EndGlobalSection
EndGlobal
